{
  "requires": true,
  "lockfileVersion": 1,
  "dependencies": {
    "bignumber.js": {
      "version": "1.0.1",
      "resolved": "https://registry.npmjs.org/bignumber.js/-/bignumber.js-1.0.1.tgz",
      "integrity": "sha1-DpU4loI7eD1I6pIYhNP9kLib3LE="
    },
    "bluebird": {
      "version": "1.0.8",
      "resolved": "https://registry.npmjs.org/bluebird/-/bluebird-1.0.8.tgz",
      "integrity": "sha1-hRx4JebM5Z5LQ93pXVdLiGdUY/w="
    },
    "circular-json": {
      "version": "0.1.6",
      "resolved": "https://registry.npmjs.org/circular-json/-/circular-json-0.1.6.tgz",
      "integrity": "sha1-/WkrZfi85PKQC+oU90rWgaspTH8=",
      "requires": {
        "wru": "0.3.0"
      }
    },
    "commander": {
      "version": "2.1.0",
      "resolved": "https://registry.npmjs.org/commander/-/commander-2.1.0.tgz",
      "integrity": "sha1-0SG7roYNmZKj1Re6lvVliOR8Z4E="
    },
    "core-util-is": {
      "version": "1.0.2",
      "resolved": "https://registry.npmjs.org/core-util-is/-/core-util-is-1.0.2.tgz",
      "integrity": "sha1-tf1UIgqivFq1eqtxQMlAdUUDwac="
    },
    "dottie": {
      "version": "0.1.0",
      "resolved": "https://registry.npmjs.org/dottie/-/dottie-0.1.0.tgz",
      "integrity": "sha1-tYTPUdunGJCkgDfag1QafTTUDPk="
    },
    "generic-pool": {
      "version": "2.0.4",
      "resolved": "https://registry.npmjs.org/generic-pool/-/generic-pool-2.0.4.tgz",
      "integrity": "sha1-+XGN7agvoSXtXEPjQcmiFadm2aM="
    },
    "inherits": {
      "version": "2.0.3",
      "resolved": "https://registry.npmjs.org/inherits/-/inherits-2.0.3.tgz",
      "integrity": "sha1-Yzwsg+PaQqUC9SRmAiSA9CCCYd4="
    },
    "isarray": {
      "version": "0.0.1",
      "resolved": "https://registry.npmjs.org/isarray/-/isarray-0.0.1.tgz",
      "integrity": "sha1-ihis/Kmo9Bd+Cav8YDiTmwXR7t8="
    },
    "lingo": {
      "version": "0.0.5",
      "resolved": "https://registry.npmjs.org/lingo/-/lingo-0.0.5.tgz",
      "integrity": "sha1-ybENi6OImZTqlEc9FpXhg0IQFqM="
    },
    "lodash": {
      "version": "2.4.2",
      "resolved": "https://registry.npmjs.org/lodash/-/lodash-2.4.2.tgz",
      "integrity": "sha1-+t2DS5aDBz2hebPq5tnA0VBT9z4="
    },
    "moment": {
      "version": "2.5.1",
      "resolved": "https://registry.npmjs.org/moment/-/moment-2.5.1.tgz",
      "integrity": "sha1-cUajkAUzBkynmdXnkvTkgO4Ogrw="
    },
    "mysql": {
      "version": "2.0.1",
      "resolved": "https://registry.npmjs.org/mysql/-/mysql-2.0.1.tgz",
      "integrity": "sha1-jYSUiO4XbTTjHWIA1mxH9t6k3RY=",
      "requires": {
        "bignumber.js": "1.0.1",
        "readable-stream": "1.1.14",
        "require-all": "0.0.3"
      }
    },
    "node-uuid": {
      "version": "1.4.8",
      "resolved": "https://registry.npmjs.org/node-uuid/-/node-uuid-1.4.8.tgz",
      "integrity": "sha1-sEDrCSOWivq/jTL7HxfxFn/auQc="
    },
    "readable-stream": {
      "version": "1.1.14",
      "resolved": "https://registry.npmjs.org/readable-stream/-/readable-stream-1.1.14.tgz",
      "integrity": "sha1-fPTFTvZI44EwhMY23SB54WbAgdk=",
      "requires": {
        "core-util-is": "1.0.2",
        "inherits": "2.0.3",
        "isarray": "0.0.1",
        "string_decoder": "0.10.31"
      }
    },
    "require-all": {
      "version": "0.0.3",
      "resolved": "https://registry.npmjs.org/require-all/-/require-all-0.0.3.tgz",
      "integrity": "sha1-BR4ZIkbADTmb/mFkvE6BC8WI4Bo="
    },
    "sequelize": {
      "version": "1.7.11",
      "resolved": "https://registry.npmjs.org/sequelize/-/sequelize-1.7.11.tgz",
      "integrity": "sha1-EGyiBz5zXToiA6j+sCJLLBebcG0=",
      "requires": {
        "bluebird": "1.0.8",
        "circular-json": "0.1.6",
        "commander": "2.1.0",
        "dottie": "0.1.0",
        "generic-pool": "2.0.4",
        "lingo": "0.0.5",
        "lodash": "2.4.2",
        "moment": "2.5.1",
        "node-uuid": "1.4.8",
        "sql": "0.35.0",
        "toposort-class": "0.3.1",
        "underscore.string": "2.3.3",
        "validator": "3.2.1"
      }
    },
    "sequelize-mysql": {
      "version": "1.7.0",
      "resolved": "https://registry.npmjs.org/sequelize-mysql/-/sequelize-mysql-1.7.0.tgz",
      "integrity": "sha1-0kAQuHoHGxhyFaV/rPz1yC1buFE=",
      "requires": {
        "mysql": "2.0.1",
        "sequelize": "1.7.11"
      }
    },
    "sliced": {
      "version": "0.0.5",
      "resolved": "https://registry.npmjs.org/sliced/-/sliced-0.0.5.tgz",
      "integrity": "sha1-XtwETKTrb3gW1Qui/GPiXY/kcH8="
    },
    "sql": {
      "version": "0.35.0",
      "resolved": "https://registry.npmjs.org/sql/-/sql-0.35.0.tgz",
      "integrity": "sha1-aZHyxy9C1fk/wbNgBXy7vEcLmx8=",
      "requires": {
        "lodash": "1.3.1",
        "sliced": "0.0.5"
      },
      "dependencies": {
        "lodash": {
          "version": "1.3.1",
          "resolved": "https://registry.npmjs.org/lodash/-/lodash-1.3.1.tgz",
          "integrity": "sha1-pGY7U2hriV/wdOK6UE37dqjit3A="
        }
      }
    },
    "string_decoder": {
      "version": "0.10.31",
      "resolved": "https://registry.npmjs.org/string_decoder/-/string_decoder-0.10.31.tgz",
      "integrity": "sha1-YuIDvEF2bGwoyfyEMB2rHFMQ+pQ="
    },
    "toposort-class": {
      "version": "0.3.1",
      "resolved": "https://registry.npmjs.org/toposort-class/-/toposort-class-0.3.1.tgz",
      "integrity": "sha1-0TM67XNPhgjO0ShiGL0sRfYO/0g="
    },
    "underscore.string": {
      "version": "2.3.3",
      "resolved": "https://registry.npmjs.org/underscore.string/-/underscore.string-2.3.3.tgz",
      "integrity": "sha1-ccCL9rQosRM/N+ePo6Icgvcymw0="
    },
    "validator": {
      "version": "3.2.1",
      "resolved": "https://registry.npmjs.org/validator/-/validator-3.2.1.tgz",
      "integrity": "sha1-RqrFmuFzmrf66s/q235xQlVRoo0="
    },
    "wru": {
      "version": "0.3.0",
      "resolved": "https://registry.npmjs.org/wru/-/wru-0.3.0.tgz",
      "integrity": "sha1-LwQgjH6vwhFRLaXwR/BqoAMrTDg="
    }
  }
}
